
Microsoft Visual Studio Solution File, Format Version 12.00
# Visual Studio Version 16
VisualStudioVersion = 16.0.31402.337
MinimumVisualStudioVersion = 10.0.40219.1
Project("{9A19103F-16F7-4668-BE54-9A1E7A4F7556}") = "PRNAssigment", "PRNAssigment.csproj", "{1B57B857-E547-47BE-81C4-E3A1E91965B8}"
EndProject
Global
	GlobalSection(SolutionConfigurationPlatforms) = preSolution
		Debug|Any CPU = Debug|Any CPU
		Release|Any CPU = Release|Any CPU
	EndGlobalSection
	GlobalSection(ProjectConfigurationPlatforms) = postSolution
		{1B57B857-E547-47BE-81C4-E3A1E91965B8}.Debug|Any CPU.ActiveCfg = Debug|Any CPU
		{1B57B857-E547-47BE-81C4-E3A1E91965B8}.Debug|Any CPU.Build.0 = Debug|Any CPU
		{1B57B857-E547-47BE-81C4-E3A1E91965B8}.Release|Any CPU.ActiveCfg = Release|Any CPU
		{1B57B857-E547-47BE-81C4-E3A1E91965B8}.Release|Any CPU.Build.0 = Release|Any CPU
	EndGlobalSection
	GlobalSection(SolutionProperties) = preSolution
		HideSolutionNode = FALSE
	EndGlobalSection
	GlobalSection(ExtensibilityGlobals) = postSolution
		SolutionGuid = {6B92E914-41CE-4144-A8B0-5DC6A68C866B}
	EndGlobalSection
EndGlobal
